
Microsoft Visual Studio Solution File, Format Version 12.00
# Visual Studio Version 17
VisualStudioVersion = 17.4.33213.308
MinimumVisualStudioVersion = 10.0.40219.1
Project("{FAE04EC0-301F-11D3-BF4B-00C04F79EFBC}") = "SE ASG", "SE ASG\SE ASG.csproj", "{31883678-996A-452E-BC35-F66C699DE885}"
EndProject
Global
	GlobalSection(SolutionConfigurationPlatforms) = preSolution
		Debug|Any CPU = Debug|Any CPU
		Release|Any CPU = Release|Any CPU
	EndGlobalSection
	GlobalSection(ProjectConfigurationPlatforms) = postSolution
		{31883678-996A-452E-BC35-F66C699DE885}.Debug|Any CPU.ActiveCfg = Debug|Any CPU
		{31883678-996A-452E-BC35-F66C699DE885}.Debug|Any CPU.Build.0 = Debug|Any CPU
		{31883678-996A-452E-BC35-F66C699DE885}.Release|Any CPU.ActiveCfg = Release|Any CPU
		{31883678-996A-452E-BC35-F66C699DE885}.Release|Any CPU.Build.0 = Release|Any CPU
	EndGlobalSection
	GlobalSection(SolutionProperties) = preSolution
		HideSolutionNode = FALSE
	EndGlobalSection
	GlobalSection(ExtensibilityGlobals) = postSolution
		SolutionGuid = {5D01E299-CD65-41BF-8160-23C8E9FD4954}
	EndGlobalSection
EndGlobal
